#
# This file is autogenerated by pip-compile with Python 3.11
# by the following command:
#
#    pip-compile --all-extras --extra-index-url=https://buf.build/gen/python --output-file=requirements.lock pyproject.toml
#
--extra-index-url https://buf.build/gen/python

bazel-runfiles==1.6.3
    # via ml-actions-benchmarking (pyproject.toml)
bufbuild-protovalidate-protocolbuffers-pyi==32.1.0.3.20250912141014+52f32327d4b0
    # via bufbuild-protovalidate-protocolbuffers-python
bufbuild-protovalidate-protocolbuffers-python==32.1.0.3.20250912141014+52f32327d4b0
    # via ml-actions-benchmarking (pyproject.toml)
cel-python==0.2.0
    # via protovalidate
google-re2==1.1.20250805
    # via protovalidate
iniconfig==2.1.0
    # via pytest
jmespath==1.0.1
    # via cel-python
lark==0.12.0
    # via cel-python
packaging==25.0
    # via pytest
pluggy==1.6.0
    # via pytest
protobuf==6.32.1
    # via
    #   bufbuild-protovalidate-protocolbuffers-pyi
    #   bufbuild-protovalidate-protocolbuffers-python
    #   protovalidate
protovalidate==1.0.0
    # via ml-actions-benchmarking (pyproject.toml)
pygments==2.19.2
    # via pytest
pytest==8.4.2
    # via ml-actions-benchmarking (pyproject.toml)
python-dateutil==2.9.0.post0
    # via cel-python
pyyaml==6.0.3
    # via cel-python
six==1.17.0
    # via python-dateutil
types-protobuf==6.32.1.20250918
    # via bufbuild-protovalidate-protocolbuffers-pyi
types-python-dateutil==2.9.0.20251008
    # via cel-python
types-pyyaml==6.0.12.20250915
    # via cel-python
